
Microsoft Visual Studio Solution File, Format Version 12.00
# Visual Studio Version 17
VisualStudioVersion = 17.0.31903.59
MinimumVisualStudioVersion = 10.0.40219.1
Project("{FAE04EC0-301F-11D3-BF4B-00C04F79EFBC}") = "Forge3D.Core", "Forge3D.Core\Forge3D.Core.csproj", "{9EE977CD-A84A-41C8-9E45-F566456B7782}"
EndProject
Project("{FAE04EC0-301F-11D3-BF4B-00C04F79EFBC}") = "Forge3D.Editor", "Forge3D.Editor\Forge3D.Editor.csproj", "{4E2201D4-9B16-451E-8AB8-33B91669F5B9}"
EndProject
Project("{FAE04EC0-301F-11D3-BF4B-00C04F79EFBC}") = "Forge3D.Tests", "Forge3D.Tests\Forge3D.Tests.csproj", "{B54D788F-99DC-4BEC-96A5-B91ECFDB1CD7}"
EndProject
Project("{FAE04EC0-301F-11D3-BF4B-00C04F79EFBC}") = "Forge3D.Contracts", "Forge3D.Contracts\Forge3D.Contracts.csproj", "{D5A331FA-196D-4899-8AED-F193FDDA6E7D}"
EndProject
Project("{FAE04EC0-301F-11D3-BF4B-00C04F79EFBC}") = "Forge3D.Simulator", "Forge3D.Simulator\Forge3D.Simulator.csproj", "{93949FFB-3D1F-41A0-B652-C72FBC957982}"
EndProject
Global
	GlobalSection(SolutionConfigurationPlatforms) = preSolution
		Debug|Any CPU = Debug|Any CPU
		Debug|x64 = Debug|x64
		Debug|x86 = Debug|x86
		Release|Any CPU = Release|Any CPU
		Release|x64 = Release|x64
		Release|x86 = Release|x86
	EndGlobalSection
	GlobalSection(ProjectConfigurationPlatforms) = postSolution
		{9EE977CD-A84A-41C8-9E45-F566456B7782}.Debug|Any CPU.ActiveCfg = Debug|Any CPU
		{9EE977CD-A84A-41C8-9E45-F566456B7782}.Debug|Any CPU.Build.0 = Debug|Any CPU
		{9EE977CD-A84A-41C8-9E45-F566456B7782}.Debug|x64.ActiveCfg = Debug|Any CPU
		{9EE977CD-A84A-41C8-9E45-F566456B7782}.Debug|x64.Build.0 = Debug|Any CPU
		{9EE977CD-A84A-41C8-9E45-F566456B7782}.Debug|x86.ActiveCfg = Debug|Any CPU
		{9EE977CD-A84A-41C8-9E45-F566456B7782}.Debug|x86.Build.0 = Debug|Any CPU
		{9EE977CD-A84A-41C8-9E45-F566456B7782}.Release|Any CPU.ActiveCfg = Release|Any CPU
		{9EE977CD-A84A-41C8-9E45-F566456B7782}.Release|Any CPU.Build.0 = Release|Any CPU
		{9EE977CD-A84A-41C8-9E45-F566456B7782}.Release|x64.ActiveCfg = Release|Any CPU
		{9EE977CD-A84A-41C8-9E45-F566456B7782}.Release|x64.Build.0 = Release|Any CPU
		{9EE977CD-A84A-41C8-9E45-F566456B7782}.Release|x86.ActiveCfg = Release|Any CPU
		{9EE977CD-A84A-41C8-9E45-F566456B7782}.Release|x86.Build.0 = Release|Any CPU
		{4E2201D4-9B16-451E-8AB8-33B91669F5B9}.Debug|Any CPU.ActiveCfg = Debug|Any CPU
		{4E2201D4-9B16-451E-8AB8-33B91669F5B9}.Debug|Any CPU.Build.0 = Debug|Any CPU
		{4E2201D4-9B16-451E-8AB8-33B91669F5B9}.Debug|x64.ActiveCfg = Debug|Any CPU
		{4E2201D4-9B16-451E-8AB8-33B91669F5B9}.Debug|x64.Build.0 = Debug|Any CPU
		{4E2201D4-9B16-451E-8AB8-33B91669F5B9}.Debug|x86.ActiveCfg = Debug|Any CPU
		{4E2201D4-9B16-451E-8AB8-33B91669F5B9}.Debug|x86.Build.0 = Debug|Any CPU
		{4E2201D4-9B16-451E-8AB8-33B91669F5B9}.Release|Any CPU.ActiveCfg = Release|Any CPU
		{4E2201D4-9B16-451E-8AB8-33B91669F5B9}.Release|Any CPU.Build.0 = Release|Any CPU
		{4E2201D4-9B16-451E-8AB8-33B91669F5B9}.Release|x64.ActiveCfg = Release|Any CPU
		{4E2201D4-9B16-451E-8AB8-33B91669F5B9}.Release|x64.Build.0 = Release|Any CPU
		{4E2201D4-9B16-451E-8AB8-33B91669F5B9}.Release|x86.ActiveCfg = Release|Any CPU
		{4E2201D4-9B16-451E-8AB8-33B91669F5B9}.Release|x86.Build.0 = Release|Any CPU
		{B54D788F-99DC-4BEC-96A5-B91ECFDB1CD7}.Debug|Any CPU.ActiveCfg = Debug|Any CPU
		{B54D788F-99DC-4BEC-96A5-B91ECFDB1CD7}.Debug|Any CPU.Build.0 = Debug|Any CPU
		{B54D788F-99DC-4BEC-96A5-B91ECFDB1CD7}.Debug|x64.ActiveCfg = Debug|Any CPU
		{B54D788F-99DC-4BEC-96A5-B91ECFDB1CD7}.Debug|x64.Build.0 = Debug|Any CPU
		{B54D788F-99DC-4BEC-96A5-B91ECFDB1CD7}.Debug|x86.ActiveCfg = Debug|Any CPU
		{B54D788F-99DC-4BEC-96A5-B91ECFDB1CD7}.Debug|x86.Build.0 = Debug|Any CPU
		{B54D788F-99DC-4BEC-96A5-B91ECFDB1CD7}.Release|Any CPU.ActiveCfg = Release|Any CPU
		{B54D788F-99DC-4BEC-96A5-B91ECFDB1CD7}.Release|Any CPU.Build.0 = Release|Any CPU
		{B54D788F-99DC-4BEC-96A5-B91ECFDB1CD7}.Release|x64.ActiveCfg = Release|Any CPU
		{B54D788F-99DC-4BEC-96A5-B91ECFDB1CD7}.Release|x64.Build.0 = Release|Any CPU
		{B54D788F-99DC-4BEC-96A5-B91ECFDB1CD7}.Release|x86.ActiveCfg = Release|Any CPU
		{B54D788F-99DC-4BEC-96A5-B91ECFDB1CD7}.Release|x86.Build.0 = Release|Any CPU
		{D5A331FA-196D-4899-8AED-F193FDDA6E7D}.Debug|Any CPU.ActiveCfg = Debug|Any CPU
		{D5A331FA-196D-4899-8AED-F193FDDA6E7D}.Debug|Any CPU.Build.0 = Debug|Any CPU
		{D5A331FA-196D-4899-8AED-F193FDDA6E7D}.Debug|x64.ActiveCfg = Debug|Any CPU
		{D5A331FA-196D-4899-8AED-F193FDDA6E7D}.Debug|x64.Build.0 = Debug|Any CPU
		{D5A331FA-196D-4899-8AED-F193FDDA6E7D}.Debug|x86.ActiveCfg = Debug|Any CPU
		{D5A331FA-196D-4899-8AED-F193FDDA6E7D}.Debug|x86.Build.0 = Debug|Any CPU
		{D5A331FA-196D-4899-8AED-F193FDDA6E7D}.Release|Any CPU.ActiveCfg = Release|Any CPU
		{D5A331FA-196D-4899-8AED-F193FDDA6E7D}.Release|Any CPU.Build.0 = Release|Any CPU
		{D5A331FA-196D-4899-8AED-F193FDDA6E7D}.Release|x64.ActiveCfg = Release|Any CPU
		{D5A331FA-196D-4899-8AED-F193FDDA6E7D}.Release|x64.Build.0 = Release|Any CPU
		{D5A331FA-196D-4899-8AED-F193FDDA6E7D}.Release|x86.ActiveCfg = Release|Any CPU
		{D5A331FA-196D-4899-8AED-F193FDDA6E7D}.Release|x86.Build.0 = Release|Any CPU
		{93949FFB-3D1F-41A0-B652-C72FBC957982}.Debug|Any CPU.ActiveCfg = Debug|Any CPU
		{93949FFB-3D1F-41A0-B652-C72FBC957982}.Debug|Any CPU.Build.0 = Debug|Any CPU
		{93949FFB-3D1F-41A0-B652-C72FBC957982}.Debug|x64.ActiveCfg = Debug|Any CPU
		{93949FFB-3D1F-41A0-B652-C72FBC957982}.Debug|x64.Build.0 = Debug|Any CPU
		{93949FFB-3D1F-41A0-B652-C72FBC957982}.Debug|x86.ActiveCfg = Debug|Any CPU
		{93949FFB-3D1F-41A0-B652-C72FBC957982}.Debug|x86.Build.0 = Debug|Any CPU
		{93949FFB-3D1F-41A0-B652-C72FBC957982}.Release|Any CPU.ActiveCfg = Release|Any CPU
		{93949FFB-3D1F-41A0-B652-C72FBC957982}.Release|Any CPU.Build.0 = Release|Any CPU
		{93949FFB-3D1F-41A0-B652-C72FBC957982}.Release|x64.ActiveCfg = Release|Any CPU
		{93949FFB-3D1F-41A0-B652-C72FBC957982}.Release|x64.Build.0 = Release|Any CPU
		{93949FFB-3D1F-41A0-B652-C72FBC957982}.Release|x86.ActiveCfg = Release|Any CPU
		{93949FFB-3D1F-41A0-B652-C72FBC957982}.Release|x86.Build.0 = Release|Any CPU
	EndGlobalSection
	GlobalSection(SolutionProperties) = preSolution
		HideSolutionNode = FALSE
	EndGlobalSection
EndGlobal
